// !$*UTF8*$!
{
	archiveVersion = 1;
	classes = {
	};
	objectVersion = 46;
	objects = {

/* Begin PBXBuildFile section */
		737C7BAC1D3CC534008E7312 /* main.m in Sources */ = {isa = PBXBuildFile; fileRef = 737C7BAB1D3CC534008E7312 /* main.m */; };
		737C7BAF1D3CC534008E7312 /* AppDelegate.m in Sources */ = {isa = PBXBuildFile; fileRef = 737C7BAE1D3CC534008E7312 /* AppDelegate.m */; };
		737C7BB21D3CC534008E7312 /* ViewController.m in Sources */ = {isa = PBXBuildFile; fileRef = 737C7BB11D3CC534008E7312 /* ViewController.m */; };
		737C7BB51D3CC534008E7312 /* Main.storyboard in Resources */ = {isa = PBXBuildFile; fileRef = 737C7BB31D3CC534008E7312 /* Main.storyboard */; };
		737C7BB71D3CC534008E7312 /* Assets.xcassets in Resources */ = {isa = PBXBuildFile; fileRef = 737C7BB61D3CC534008E7312 /* Assets.xcassets */; };
		737C7BBA1D3CC534008E7312 /* LaunchScreen.storyboard in Resources */ = {isa = PBXBuildFile; fileRef = 737C7BB81D3CC534008E7312 /* LaunchScreen.storyboard */; };
		737C7BC51D3CC534008E7312 /* TestDetectionUrlTests.m in Sources */ = {isa = PBXBuildFile; fileRef = 737C7BC41D3CC534008E7312 /* TestDetectionUrlTests.m */; };
		737C7BD01D3CC534008E7312 /* TestDetectionUrlUITests.m in Sources */ = {isa = PBXBuildFile; fileRef = 737C7BCF1D3CC534008E7312 /* TestDetectionUrlUITests.m */; };
		737C7BE71D3DCB2D008E7312 /* DetectionUrlView.m in Sources */ = {isa = PBXBuildFile; fileRef = 737C7BE61D3DCB2D008E7312 /* DetectionUrlView.m */; };
		737C7BEA1D3DCB6F008E7312 /* TTTAttributedLabel.m in Sources */ = {isa = PBXBuildFile; fileRef = 737C7BE91D3DCB6F008E7312 /* TTTAttributedLabel.m */; };
/* End PBXBuildFile section */

/* Begin PBXContainerItemProxy section */
		737C7BC11D3CC534008E7312 /* PBXContainerItemProxy */ = {
			isa = PBXContainerItemProxy;
			containerPortal = 737C7B9F1D3CC534008E7312 /* Project object */;
			proxyType = 1;
			remoteGlobalIDString = 737C7BA61D3CC534008E7312;
			remoteInfo = TestDetectionUrl;
		};
		737C7BCC1D3CC534008E7312 /* PBXContainerItemProxy */ = {
			isa = PBXContainerItemProxy;
			containerPortal = 737C7B9F1D3CC534008E7312 /* Project object */;
			proxyType = 1;
			remoteGlobalIDString = 737C7BA61D3CC534008E7312;
			remoteInfo = TestDetectionUrl;
		};
/* End PBXContainerItemProxy section */

/* Begin PBXFileReference section */
		737C7BA71D3CC534008E7312 /* TestDetectionUrl.app */ = {isa = PBXFileReference; explicitFileType = wrapper.application; includeInIndex = 0; path = TestDetectionUrl.app; sourceTree = BUILT_PRODUCTS_DIR; };
		737C7BAB1D3CC534008E7312 /* main.m */ = {isa = PBXFileReference; lastKnownFileType = sourcecode.c.objc; path = main.m; sourceTree = "<group>"; };
		737C7BAD1D3CC534008E7312 /* AppDelegate.h */ = {isa = PBXFileReference; lastKnownFileType = sourcecode.c.h; path = AppDelegate.h; sourceTree = "<group>"; };
		737C7BAE1D3CC534008E7312 /* AppDelegate.m */ = {isa = PBXFileReference; lastKnownFileType = sourcecode.c.objc; path = AppDelegate.m; sourceTree = "<group>"; };
		737C7BB01D3CC534008E7312 /* ViewController.h */ = {isa = PBXFileReference; lastKnownFileType = sourcecode.c.h; path = ViewController.h; sourceTree = "<group>"; };
		737C7BB11D3CC534008E7312 /* ViewController.m */ = {isa = PBXFileReference; lastKnownFileType = sourcecode.c.objc; path = ViewController.m; sourceTree = "<group>"; };
		737C7BB41D3CC534008E7312 /* Base */ = {isa = PBXFileReference; lastKnownFileType = file.storyboard; name = Base; path = Base.lproj/Main.storyboard; sourceTree = "<group>"; };
		737C7BB61D3CC534008E7312 /* Assets.xcassets */ = {isa = PBXFileReference; lastKnownFileType = folder.assetcatalog; path = Assets.xcassets; sourceTree = "<group>"; };
		737C7BB91D3CC534008E7312 /* Base */ = {isa = PBXFileReference; lastKnownFileType = file.storyboard; name = Base; path = Base.lproj/LaunchScreen.storyboard; sourceTree = "<group>"; };
		737C7BBB1D3CC534008E7312 /* Info.plist */ = {isa = PBXFileReference; lastKnownFileType = text.plist.xml; path = Info.plist; sourceTree = "<group>"; };
		737C7BC01D3CC534008E7312 /* TestDetectionUrlTests.xctest */ = {isa = PBXFileReference; explicitFileType = wrapper.cfbundle; includeInIndex = 0; path = TestDetectionUrlTests.xctest; sourceTree = BUILT_PRODUCTS_DIR; };
		737C7BC41D3CC534008E7312 /* TestDetectionUrlTests.m */ = {isa = PBXFileReference; lastKnownFileType = sourcecode.c.objc; path = TestDetectionUrlTests.m; sourceTree = "<group>"; };
		737C7BC61D3CC534008E7312 /* Info.plist */ = {isa = PBXFileReference; lastKnownFileType = text.plist.xml; path = Info.plist; sourceTree = "<group>"; };
		737C7BCB1D3CC534008E7312 /* TestDetectionUrlUITests.xctest */ = {isa = PBXFileReference; explicitFileType = wrapper.cfbundle; includeInIndex = 0; path = TestDetectionUrlUITests.xctest; sourceTree = BUILT_PRODUCTS_DIR; };
		737C7BCF1D3CC534008E7312 /* TestDetectionUrlUITests.m */ = {isa = PBXFileReference; lastKnownFileType = sourcecode.c.objc; path = TestDetectionUrlUITests.m; sourceTree = "<group>"; };
		737C7BD11D3CC534008E7312 /* Info.plist */ = {isa = PBXFileReference; lastKnownFileType = text.plist.xml; path = Info.plist; sourceTree = "<group>"; };
		737C7BE51D3DCB2D008E7312 /* DetectionUrlView.h */ = {isa = PBXFileReference; fileEncoding = 4; lastKnownFileType = sourcecode.c.h; path = DetectionUrlView.h; sourceTree = "<group>"; };
		737C7BE61D3DCB2D008E7312 /* DetectionUrlView.m */ = {isa = PBXFileReference; fileEncoding = 4; lastKnownFileType = sourcecode.c.objc; path = DetectionUrlView.m; sourceTree = "<group>"; };
		737C7BE81D3DCB6F008E7312 /* TTTAttributedLabel.h */ = {isa = PBXFileReference; fileEncoding = 4; lastKnownFileType = sourcecode.c.h; name = TTTAttributedLabel.h; path = "TestDetectionUrl/自动识别Url等/TTTAttributedLabel/TTTAttributedLabel.h"; sourceTree = SOURCE_ROOT; };
		737C7BE91D3DCB6F008E7312 /* TTTAttributedLabel.m */ = {isa = PBXFileReference; fileEncoding = 4; lastKnownFileType = sourcecode.c.objc; name = TTTAttributedLabel.m; path = "TestDetectionUrl/自动识别Url等/TTTAttributedLabel/TTTAttributedLabel.m"; sourceTree = SOURCE_ROOT; };
/* End PBXFileReference section */

/* Begin PBXFrameworksBuildPhase section */
		737C7BA41D3CC534008E7312 /* Frameworks */ = {
			isa = PBXFrameworksBuildPhase;
			buildActionMask = 2147483647;
			files = (
			);
			runOnlyForDeploymentPostprocessing = 0;
		};
		737C7BBD1D3CC534008E7312 /* Frameworks */ = {
			isa = PBXFrameworksBuildPhase;
			buildActionMask = 2147483647;
			files = (
			);
			runOnlyForDeploymentPostprocessing = 0;
		};
		737C7BC81D3CC534008E7312 /* Frameworks */ = {
			isa = PBXFrameworksBuildPhase;
			buildActionMask = 2147483647;
			files = (
			);
			runOnlyForDeploymentPostprocessing = 0;
		};
/* End PBXFrameworksBuildPhase section */

/* Begin PBXGroup section */
		737C7B9E1D3CC534008E7312 = {
			isa = PBXGroup;
			children = (
				737C7BA91D3CC534008E7312 /* TestDetectionUrl */,
				737C7BC31D3CC534008E7312 /* TestDetectionUrlTests */,
				737C7BCE1D3CC534008E7312 /* TestDetectionUrlUITests */,
				737C7BA81D3CC534008E7312 /* Products */,
			);
			sourceTree = "<group>";
		};
		737C7BA81D3CC534008E7312 /* Products */ = {
			isa = PBXGroup;
			children = (
				737C7BA71D3CC534008E7312 /* TestDetectionUrl.app */,
				737C7BC01D3CC534008E7312 /* TestDetectionUrlTests.xctest */,
				737C7BCB1D3CC534008E7312 /* TestDetectionUrlUITests.xctest */,
			);
			name = Products;
			sourceTree = "<group>";
		};
		737C7BA91D3CC534008E7312 /* TestDetectionUrl */ = {
			isa = PBXGroup;
			children = (
				737C7BE41D3DCB20008E7312 /* 自动识别Url等 */,
				737C7BAD1D3CC534008E7312 /* AppDelegate.h */,
				737C7BAE1D3CC534008E7312 /* AppDelegate.m */,
				737C7BB01D3CC534008E7312 /* ViewController.h */,
				737C7BB11D3CC534008E7312 /* ViewController.m */,
				737C7BB31D3CC534008E7312 /* Main.storyboard */,
				737C7BB61D3CC534008E7312 /* Assets.xcassets */,
				737C7BB81D3CC534008E7312 /* LaunchScreen.storyboard */,
				737C7BBB1D3CC534008E7312 /* Info.plist */,
				737C7BAA1D3CC534008E7312 /* Supporting Files */,
			);
			path = TestDetectionUrl;
			sourceTree = "<group>";
		};
		737C7BAA1D3CC534008E7312 /* Supporting Files */ = {
			isa = PBXGroup;
			children = (
				737C7BAB1D3CC534008E7312 /* main.m */,
			);
			name = "Supporting Files";
			sourceTree = "<group>";
		};
		737C7BC31D3CC534008E7312 /* TestDetectionUrlTests */ = {
			isa = PBXGroup;
			children = (
				737C7BC41D3CC534008E7312 /* TestDetectionUrlTests.m */,
				737C7BC61D3CC534008E7312 /* Info.plist */,
			);
			path = TestDetectionUrlTests;
			sourceTree = "<group>";
		};
		737C7BCE1D3CC534008E7312 /* TestDetectionUrlUITests */ = {
			isa = PBXGroup;
			children = (
				737C7BCF1D3CC534008E7312 /* TestDetectionUrlUITests.m */,
				737C7BD11D3CC534008E7312 /* Info.plist */,
			);
			path = TestDetectionUrlUITests;
			sourceTree = "<group>";
		};
		737C7BDD1D3CCBA1008E7312 /* TTTAttributedLabel */ = {
			isa = PBXGroup;
			children = (
				737C7BE81D3DCB6F008E7312 /* TTTAttributedLabel.h */,
				737C7BE91D3DCB6F008E7312 /* TTTAttributedLabel.m */,
			);
			name = TTTAttributedLabel;
			path = ../TTTAttributedLabel;
			sourceTree = "<group>";
		};
		737C7BE41D3DCB20008E7312 /* 自动识别Url等 */ = {
			isa = PBXGroup;
			children = (
				737C7BDD1D3CCBA1008E7312 /* TTTAttributedLabel */,
				737C7BE51D3DCB2D008E7312 /* DetectionUrlView.h */,
				737C7BE61D3DCB2D008E7312 /* DetectionUrlView.m */,
			);
			path = "自动识别Url等";
			sourceTree = "<group>";
		};
/* End PBXGroup section */

/* Begin PBXNativeTarget section */
		737C7BA61D3CC534008E7312 /* TestDetectionUrl */ = {
			isa = PBXNativeTarget;
			buildConfigurationList = 737C7BD41D3CC534008E7312 /* Build configuration list for PBXNativeTarget "TestDetectionUrl" */;
			buildPhases = (
				737C7BA31D3CC534008E7312 /* Sources */,
				737C7BA41D3CC534008E7312 /* Frameworks */,
				737C7BA51D3CC534008E7312 /* Resources */,
			);
			buildRules = (
			);
			dependencies = (
			);
			name = TestDetectionUrl;
			productName = TestDetectionUrl;
			productReference = 737C7BA71D3CC534008E7312 /* TestDetectionUrl.app */;
			productType = "com.apple.product-type.application";
		};
		737C7BBF1D3CC534008E7312 /* TestDetectionUrlTests */ = {
			isa = PBXNativeTarget;
			buildConfigurationList = 737C7BD71D3CC534008E7312 /* Build configuration list for PBXNativeTarget "TestDetectionUrlTests" */;
			buildPhases = (
				737C7BBC1D3CC534008E7312 /* Sources */,
				737C7BBD1D3CC534008E7312 /* Frameworks */,
				737C7BBE1D3CC534008E7312 /* Resources */,
			);
			buildRules = (
			);
			dependencies = (
				737C7BC21D3CC534008E7312 /* PBXTargetDependency */,
			);
			name = TestDetectionUrlTests;
			productName = TestDetectionUrlTests;
			productReference = 737C7BC01D3CC534008E7312 /* TestDetectionUrlTests.xctest */;
			productType = "com.apple.product-type.bundle.unit-test";
		};
		737C7BCA1D3CC534008E7312 /* TestDetectionUrlUITests */ = {
			isa = PBXNativeTarget;
			buildConfigurationList = 737C7BDA1D3CC534008E7312 /* Build configuration list for PBXNativeTarget "TestDetectionUrlUITests" */;
			buildPhases = (
				737C7BC71D3CC534008E7312 /* Sources */,
				737C7BC81D3CC534008E7312 /* Frameworks */,
				737C7BC91D3CC534008E7312 /* Resources */,
			);
			buildRules = (
			);
			dependencies = (
				737C7BCD1D3CC534008E7312 /* PBXTargetDependency */,
			);
			name = TestDetectionUrlUITests;
			productName = TestDetectionUrlUITests;
			productReference = 737C7BCB1D3CC534008E7312 /* TestDetectionUrlUITests.xctest */;
			productType = "com.apple.product-type.bundle.ui-testing";
		};
/* End PBXNativeTarget section */

/* Begin PBXProject section */
		737C7B9F1D3CC534008E7312 /* Project object */ = {
			isa = PBXProject;
			attributes = {
				LastUpgradeCheck = 0730;
				ORGANIZATIONNAME = wangran;
				TargetAttributes = {
					737C7BA61D3CC534008E7312 = {
						CreatedOnToolsVersion = 7.3.1;
					};
					737C7BBF1D3CC534008E7312 = {
						CreatedOnToolsVersion = 7.3.1;
						TestTargetID = 737C7BA61D3CC534008E7312;
					};
					737C7BCA1D3CC534008E7312 = {
						CreatedOnToolsVersion = 7.3.1;
						TestTargetID = 737C7BA61D3CC534008E7312;
					};
				};
			};
			buildConfigurationList = 737C7BA21D3CC534008E7312 /* Build configuration list for PBXProject "TestDetectionUrl" */;
			compatibilityVersion = "Xcode 3.2";
			developmentRegion = English;
			hasScannedForEncodings = 0;
			knownRegions = (
				en,
				Base,
			);
			mainGroup = 737C7B9E1D3CC534008E7312;
			productRefGroup = 737C7BA81D3CC534008E7312 /* Products */;
			projectDirPath = "";
			projectRoot = "";
			targets = (
				737C7BA61D3CC534008E7312 /* TestDetectionUrl */,
				737C7BBF1D3CC534008E7312 /* TestDetectionUrlTests */,
				737C7BCA1D3CC534008E7312 /* TestDetectionUrlUITests */,
			);
		};
/* End PBXProject section */

/* Begin PBXResourcesBuildPhase section */
		737C7BA51D3CC534008E7312 /* Resources */ = {
			isa = PBXResourcesBuildPhase;
			buildActionMask = 2147483647;
			files = (
				737C7BBA1D3CC534008E7312 /* LaunchScreen.storyboard in Resources */,
				737C7BB71D3CC534008E7312 /* Assets.xcassets in Resources */,
				737C7BB51D3CC534008E7312 /* Main.storyboard in Resources */,
			);
			runOnlyForDeploymentPostprocessing = 0;
		};
		737C7BBE1D3CC534008E7312 /* Resources */ = {
			isa = PBXResourcesBuildPhase;
			buildActionMask = 2147483647;
			files = (
			);
			runOnlyForDeploymentPostprocessing = 0;
		};
		737C7BC91D3CC534008E7312 /* Resources */ = {
			isa = PBXResourcesBuildPhase;
			buildActionMask = 2147483647;
			files = (
			);
			runOnlyForDeploymentPostprocessing = 0;
		};
/* End PBXResourcesBuildPhase section */

/* Begin PBXSourcesBuildPhase section */
		737C7BA31D3CC534008E7312 /* Sources */ = {
			isa = PBXSourcesBuildPhase;
			buildActionMask = 2147483647;
			files = (
				737C7BB21D3CC534008E7312 /* ViewController.m in Sources */,
				737C7BAF1D3CC534008E7312 /* AppDelegate.m in Sources */,
				737C7BE71D3DCB2D008E7312 /* DetectionUrlView.m in Sources */,
				737C7BAC1D3CC534008E7312 /* main.m in Sources */,
				737C7BEA1D3DCB6F008E7312 /* TTTAttributedLabel.m in Sources */,
			);
			runOnlyForDeploymentPostprocessing = 0;
		};
		737C7BBC1D3CC534008E7312 /* Sources */ = {
			isa = PBXSourcesBuildPhase;
			buildActionMask = 2147483647;
			files = (
				737C7BC51D3CC534008E7312 /* TestDetectionUrlTests.m in Sources */,
			);
			runOnlyForDeploymentPostprocessing = 0;
		};
		737C7BC71D3CC534008E7312 /* Sources */ = {
			isa = PBXSourcesBuildPhase;
			buildActionMask = 2147483647;
			files = (
				737C7BD01D3CC534008E7312 /* TestDetectionUrlUITests.m in Sources */,
			);
			runOnlyForDeploymentPostprocessing = 0;
		};
/* End PBXSourcesBuildPhase section */

/* Begin PBXTargetDependency section */
		737C7BC21D3CC534008E7312 /* PBXTargetDependency */ = {
			isa = PBXTargetDependency;
			target = 737C7BA61D3CC534008E7312 /* TestDetectionUrl */;
			targetProxy = 737C7BC11D3CC534008E7312 /* PBXContainerItemProxy */;
		};
		737C7BCD1D3CC534008E7312 /* PBXTargetDependency */ = {
			isa = PBXTargetDependency;
			target = 737C7BA61D3CC534008E7312 /* TestDetectionUrl */;
			targetProxy = 737C7BCC1D3CC534008E7312 /* PBXContainerItemProxy */;
		};
/* End PBXTargetDependency section */

/* Begin PBXVariantGroup section */
		737C7BB31D3CC534008E7312 /* Main.storyboard */ = {
			isa = PBXVariantGroup;
			children = (
				737C7BB41D3CC534008E7312 /* Base */,
			);
			name = Main.storyboard;
			sourceTree = "<group>";
		};
		737C7BB81D3CC534008E7312 /* LaunchScreen.storyboard */ = {
			isa = PBXVariantGroup;
			children = (
				737C7BB91D3CC534008E7312 /* Base */,
			);
			name = LaunchScreen.storyboard;
			sourceTree = "<group>";
		};
/* End PBXVariantGroup section */

/* Begin XCBuildConfiguration section */
		737C7BD21D3CC534008E7312 /* Debug */ = {
			isa = XCBuildConfiguration;
			buildSettings = {
				ALWAYS_SEARCH_USER_PATHS = NO;
				CLANG_ANALYZER_NONNULL = YES;
				CLANG_CXX_LANGUAGE_STANDARD = "gnu++0x";
				CLANG_CXX_LIBRARY = "libc++";
				CLANG_ENABLE_MODULES = YES;
				CLANG_ENABLE_OBJC_ARC = YES;
				CLANG_WARN_BOOL_CONVERSION = YES;
				CLANG_WARN_CONSTANT_CONVERSION = YES;
				CLANG_WARN_DIRECT_OBJC_ISA_USAGE = YES_ERROR;
				CLANG_WARN_EMPTY_BODY = YES;
				CLANG_WARN_ENUM_CONVERSION = YES;
				CLANG_WARN_INT_CONVERSION = YES;
				CLANG_WARN_OBJC_ROOT_CLASS = YES_ERROR;
				CLANG_WARN_UNREACHABLE_CODE = YES;
				CLANG_WARN__DUPLICATE_METHOD_MATCH = YES;
				"CODE_SIGN_IDENTITY[sdk=iphoneos*]" = "iPhone Developer";
				COPY_PHASE_STRIP = NO;
				DEBUG_INFORMATION_FORMAT = dwarf;
				ENABLE_STRICT_OBJC_MSGSEND = YES;
				ENABLE_TESTABILITY = YES;
				GCC_C_LANGUAGE_STANDARD = gnu99;
				GCC_DYNAMIC_NO_PIC = NO;
				GCC_NO_COMMON_BLOCKS = YES;
				GCC_OPTIMIZATION_LEVEL = 0;
				GCC_PREPROCESSOR_DEFINITIONS = (
					"DEBUG=1",
					"$(inherited)",
				);
				GCC_WARN_64_TO_32_BIT_CONVERSION = YES;
				GCC_WARN_ABOUT_RETURN_TYPE = YES_ERROR;
				GCC_WARN_UNDECLARED_SELECTOR = YES;
				GCC_WARN_UNINITIALIZED_AUTOS = YES_AGGRESSIVE;
				GCC_WARN_UNUSED_FUNCTION = YES;
				GCC_WARN_UNUSED_VARIABLE = YES;
				IPHONEOS_DEPLOYMENT_TARGET = 9.3;
				MTL_ENABLE_DEBUG_INFO = YES;
				ONLY_ACTIVE_ARCH = YES;
				SDKROOT = iphoneos;
				TARGETED_DEVICE_FAMILY = "1,2";
			};
			name = Debug;
		};
		737C7BD31D3CC534008E7312 /* Release */ = {
			isa = XCBuildConfiguration;
			buildSettings = {
				ALWAYS_SEARCH_USER_PATHS = NO;
				CLANG_ANALYZER_NONNULL = YES;
				CLANG_CXX_LANGUAGE_STANDARD = "gnu++0x";
				CLANG_CXX_LIBRARY = "libc++";
				CLANG_ENABLE_MODULES = YES;
				CLANG_ENABLE_OBJC_ARC = YES;
				CLANG_WARN_BOOL_CONVERSION = YES;
				CLANG_WARN_CONSTANT_CONVERSION = YES;
				CLANG_WARN_DIRECT_OBJC_ISA_USAGE = YES_ERROR;
				CLANG_WARN_EMPTY_BODY = YES;
				CLANG_WARN_ENUM_CONVERSION = YES;
				CLANG_WARN_INT_CONVERSION = YES;
				CLANG_WARN_OBJC_ROOT_CLASS = YES_ERROR;
				CLANG_WARN_UNREACHABLE_CODE = YES;
				CLANG_WARN__DUPLICATE_METHOD_MATCH = YES;
				"CODE_SIGN_IDENTITY[sdk=iphoneos*]" = "iPhone Developer";
				COPY_PHASE_STRIP = NO;
				DEBUG_INFORMATION_FORMAT = "dwarf-with-dsym";
				ENABLE_NS_ASSERTIONS = NO;
				ENABLE_STRICT_OBJC_MSGSEND = YES;
				GCC_C_LANGUAGE_STANDARD = gnu99;
				GCC_NO_COMMON_BLOCKS = YES;
				GCC_WARN_64_TO_32_BIT_CONVERSION = YES;
				GCC_WARN_ABOUT_RETURN_TYPE = YES_ERROR;
				GCC_WARN_UNDECLARED_SELECTOR = YES;
				GCC_WARN_UNINITIALIZED_AUTOS = YES_AGGRESSIVE;
				GCC_WARN_UNUSED_FUNCTION = YES;
				GCC_WARN_UNUSED_VARIABLE = YES;
				IPHONEOS_DEPLOYMENT_TARGET = 9.3;
				MTL_ENABLE_DEBUG_INFO = NO;
				SDKROOT = iphoneos;
				TARGETED_DEVICE_FAMILY = "1,2";
				VALIDATE_PRODUCT = YES;
			};
			name = Release;
		};
		737C7BD51D3CC534008E7312 /* Debug */ = {
			isa = XCBuildConfiguration;
			buildSettings = {
				ASSETCATALOG_COMPILER_APPICON_NAME = AppIcon;
				INFOPLIST_FILE = TestDetectionUrl/Info.plist;
				LD_RUNPATH_SEARCH_PATHS = "$(inherited) @executable_path/Frameworks";
				PRODUCT_BUNDLE_IDENTIFIER = wangran.TestDetectionUrl;
				PRODUCT_NAME = "$(TARGET_NAME)";
			};
			name = Debug;
		};
		737C7BD61D3CC534008E7312 /* Release */ = {
			isa = XCBuildConfiguration;
			buildSettings = {
				ASSETCATALOG_COMPILER_APPICON_NAME = AppIcon;
				INFOPLIST_FILE = TestDetectionUrl/Info.plist;
				LD_RUNPATH_SEARCH_PATHS = "$(inherited) @executable_path/Frameworks";
				PRODUCT_BUNDLE_IDENTIFIER = wangran.TestDetectionUrl;
				PRODUCT_NAME = "$(TARGET_NAME)";
			};
			name = Release;
		};
		737C7BD81D3CC534008E7312 /* Debug */ = {
			isa = XCBuildConfiguration;
			buildSettings = {
				BUNDLE_LOADER = "$(TEST_HOST)";
				INFOPLIST_FILE = TestDetectionUrlTests/Info.plist;
				LD_RUNPATH_SEARCH_PATHS = "$(inherited) @executable_path/Frameworks @loader_path/Frameworks";
				PRODUCT_BUNDLE_IDENTIFIER = wangran.TestDetectionUrlTests;
				PRODUCT_NAME = "$(TARGET_NAME)";
				TEST_HOST = "$(BUILT_PRODUCTS_DIR)/TestDetectionUrl.app/TestDetectionUrl";
			};
			name = Debug;
		};
		737C7BD91D3CC534008E7312 /* Release */ = {
			isa = XCBuildConfiguration;
			buildSettings = {
				BUNDLE_LOADER = "$(TEST_HOST)";
				INFOPLIST_FILE = TestDetectionUrlTests/Info.plist;
				LD_RUNPATH_SEARCH_PATHS = "$(inherited) @executable_path/Frameworks @loader_path/Frameworks";
				PRODUCT_BUNDLE_IDENTIFIER = wangran.TestDetectionUrlTests;
				PRODUCT_NAME = "$(TARGET_NAME)";
				TEST_HOST = "$(BUILT_PRODUCTS_DIR)/TestDetectionUrl.app/TestDetectionUrl";
			};
			name = Release;
		};
		737C7BDB1D3CC534008E7312 /* Debug */ = {
			isa = XCBuildConfiguration;
			buildSettings = {
				INFOPLIST_FILE = TestDetectionUrlUITests/Info.plist;
				LD_RUNPATH_SEARCH_PATHS = "$(inherited) @executable_path/Frameworks @loader_path/Frameworks";
				PRODUCT_BUNDLE_IDENTIFIER = wangran.TestDetectionUrlUITests;
				PRODUCT_NAME = "$(TARGET_NAME)";
				TEST_TARGET_NAME = TestDetectionUrl;
			};
			name = Debug;
		};
		737C7BDC1D3CC534008E7312 /* Release */ = {
			isa = XCBuildConfiguration;
			buildSettings = {
				INFOPLIST_FILE = TestDetectionUrlUITests/Info.plist;
				LD_RUNPATH_SEARCH_PATHS = "$(inherited) @executable_path/Frameworks @loader_path/Frameworks";
				PRODUCT_BUNDLE_IDENTIFIER = wangran.TestDetectionUrlUITests;
				PRODUCT_NAME = "$(TARGET_NAME)";
				TEST_TARGET_NAME = TestDetectionUrl;
			};
			name = Release;
		};
/* End XCBuildConfiguration section */

/* Begin XCConfigurationList section */
		737C7BA21D3CC534008E7312 /* Build configuration list for PBXProject "TestDetectionUrl" */ = {
			isa = XCConfigurationList;
			buildConfigurations = (
				737C7BD21D3CC534008E7312 /* Debug */,
				737C7BD31D3CC534008E7312 /* Release */,
			);
			defaultConfigurationIsVisible = 0;
			defaultConfigurationName = Release;
		};
		737C7BD41D3CC534008E7312 /* Build configuration list for PBXNativeTarget "TestDetectionUrl" */ = {
			isa = XCConfigurationList;
			buildConfigurations = (
				737C7BD51D3CC534008E7312 /* Debug */,
				737C7BD61D3CC534008E7312 /* Release */,
			);
			defaultConfigurationIsVisible = 0;
		};
		737C7BD71D3CC534008E7312 /* Build configuration list for PBXNativeTarget "TestDetectionUrlTests" */ = {
			isa = XCConfigurationList;
			buildConfigurations = (
				737C7BD81D3CC534008E7312 /* Debug */,
				737C7BD91D3CC534008E7312 /* Release */,
			);
			defaultConfigurationIsVisible = 0;
		};
		737C7BDA1D3CC534008E7312 /* Build configuration list for PBXNativeTarget "TestDetectionUrlUITests" */ = {
			isa = XCConfigurationList;
			buildConfigurations = (
				737C7BDB1D3CC534008E7312 /* Debug */,
				737C7BDC1D3CC534008E7312 /* Release */,
			);
			defaultConfigurationIsVisible = 0;
		};
/* End XCConfigurationList section */
	};
	rootObject = 737C7B9F1D3CC534008E7312 /* Project object */;
}
